{
  "name": "backend",
  "lockfileVersion": 3,
  "requires": true,
  "packages": {
    "": {
      "dependencies": {
        "@rails/actioncable": "^8.0.100"
      }
    },
    "node_modules/@rails/actioncable": {
      "version": "8.0.100",
      "resolved": "https://registry.npmjs.org/@rails/actioncable/-/actioncable-8.0.100.tgz",
      "integrity": "sha512-/vXTG6gzSW0CDqmA0hWasZ1UAGZC7g5NGM21jowh58rCCeTHAGbWwKExHn49VDuYXz+cHbL4MGfc5LMdTp9m3A==",
      "license": "MIT"
    }
  }
}
